
Microsoft Visual Studio Solution File, Format Version 12.00
# Visual Studio Version 17
VisualStudioVersion = 17.4.33110.190
MinimumVisualStudioVersion = 10.0.40219.1
Project("{9A19103F-16F7-4668-BE54-9A1E7A4F7556}") = "webapi", "webapi.csproj", "{30CAC68B-E405-4ACA-BC08-86EE2ECD8EBF}"
EndProject
Project("{FAE04EC0-301F-11D3-BF4B-00C04F79EFBC}") = "Tests", "..\Tests\Tests.csproj", "{831C2626-3961-409A-B1DB-82B88ADF320D}"
EndProject
Global
	GlobalSection(SolutionConfigurationPlatforms) = preSolution
		Debug|Any CPU = Debug|Any CPU
		Release|Any CPU = Release|Any CPU
	EndGlobalSection
	GlobalSection(ProjectConfigurationPlatforms) = postSolution
		{30CAC68B-E405-4ACA-BC08-86EE2ECD8EBF}.Debug|Any CPU.ActiveCfg = Debug|Any CPU
		{30CAC68B-E405-4ACA-BC08-86EE2ECD8EBF}.Debug|Any CPU.Build.0 = Debug|Any CPU
		{30CAC68B-E405-4ACA-BC08-86EE2ECD8EBF}.Release|Any CPU.ActiveCfg = Release|Any CPU
		{30CAC68B-E405-4ACA-BC08-86EE2ECD8EBF}.Release|Any CPU.Build.0 = Release|Any CPU
		{831C2626-3961-409A-B1DB-82B88ADF320D}.Debug|Any CPU.ActiveCfg = Debug|Any CPU
		{831C2626-3961-409A-B1DB-82B88ADF320D}.Debug|Any CPU.Build.0 = Debug|Any CPU
		{831C2626-3961-409A-B1DB-82B88ADF320D}.Release|Any CPU.ActiveCfg = Release|Any CPU
		{831C2626-3961-409A-B1DB-82B88ADF320D}.Release|Any CPU.Build.0 = Release|Any CPU
	EndGlobalSection
	GlobalSection(SolutionProperties) = preSolution
		HideSolutionNode = FALSE
	EndGlobalSection
	GlobalSection(ExtensibilityGlobals) = postSolution
		SolutionGuid = {2D4F8F83-DB9B-4BD3-9C18-2A0B77B6AF02}
	EndGlobalSection
EndGlobal
